
Microsoft Visual Studio Solution File, Format Version 12.00
# Visual Studio Version 17
VisualStudioVersion = 17.1.32414.318
MinimumVisualStudioVersion = 10.0.40219.1
Project("{FAE04EC0-301F-11D3-BF4B-00C04F79EFBC}") = "p5", "p5\p5.csproj", "{6B35DA3E-2DD6-4672-81E8-C3FE51212DC7}"
EndProject
Global
	GlobalSection(SolutionConfigurationPlatforms) = preSolution
		Debug|Any CPU = Debug|Any CPU
		Release|Any CPU = Release|Any CPU
	EndGlobalSection
	GlobalSection(ProjectConfigurationPlatforms) = postSolution
		{6B35DA3E-2DD6-4672-81E8-C3FE51212DC7}.Debug|Any CPU.ActiveCfg = Debug|Any CPU
		{6B35DA3E-2DD6-4672-81E8-C3FE51212DC7}.Debug|Any CPU.Build.0 = Debug|Any CPU
		{6B35DA3E-2DD6-4672-81E8-C3FE51212DC7}.Release|Any CPU.ActiveCfg = Release|Any CPU
		{6B35DA3E-2DD6-4672-81E8-C3FE51212DC7}.Release|Any CPU.Build.0 = Release|Any CPU
	EndGlobalSection
	GlobalSection(SolutionProperties) = preSolution
		HideSolutionNode = FALSE
	EndGlobalSection
	GlobalSection(ExtensibilityGlobals) = postSolution
		SolutionGuid = {4A804E61-931A-45DB-AFD0-B946A1B4EAAB}
	EndGlobalSection
EndGlobal
